<?xml version="1.0" encoding="utf-8"?>
<Project ToolsVersion="4.0" xmlns="http://schemas.microsoft.com/developer/msbuild/2003">
  <ItemGroup>
    <Filter Include="源文件">
      <UniqueIdentifier>{4FC737F1-C7A5-4376-A066-2A32D752A2FF}</UniqueIdentifier>
      <Extensions>cpp;c;cc;cxx;c++;def;odl;idl;hpj;bat;asm;asmx</Extensions>
    </Filter>
    <Filter Include="头文件">
      <UniqueIdentifier>{93995380-89BD-4b04-88EB-625FBE52EBFB}</UniqueIdentifier>
      <Extensions>h;hh;hpp;hxx;h++;hm;inl;inc;ipp;xsd</Extensions>
    </Filter>
    <Filter Include="资源文件">
      <UniqueIdentifier>{67DA6AB6-F800-4c08-8B7A-83BB121AAD01}</UniqueIdentifier>
      <Extensions>rc;ico;cur;bmp;dlg;rc2;rct;bin;rgs;gif;jpg;jpeg;jpe;resx;tiff;tif;png;wav;mfcribbon-ms</Extensions>
    </Filter>
    <Filter Include="源文件\plugins">
      <UniqueIdentifier>{1366d8d3-5d38-40db-bf3b-4eef392eaffb}</UniqueIdentifier>
    </Filter>
    <Filter Include="头文件\plugins">
      <UniqueIdentifier>{99607514-6c43-4293-8fb4-f98b3b4950c2}</UniqueIdentifier>
    </Filter>
  </ItemGroup>
  <ItemGroup>
    <ClCompile Include="src\main.cpp">
      <Filter>源文件</Filter>
    </ClCompile>
    <ClCompile Include="src\web_api\api_mirai_http.cpp">
      <Filter>源文件</Filter>
    </ClCompile>
    <ClCompile Include="src\MsgRouter.cpp">
      <Filter>源文件</Filter>
    </ClCompile>
    <ClCompile Include="src\Message.cpp">
      <Filter>源文件</Filter>
    </ClCompile>
    <ClCompile Include="include\jsoncpp-1.9.3\dist\jsoncpp.cpp">
      <Filter>源文件</Filter>
    </ClCompile>
    <ClCompile Include="src\Websocket.cpp">
      <Filter>源文件</Filter>
    </ClCompile>
    <ClCompile Include="src\Requests.cpp">
      <Filter>源文件</Filter>
    </ClCompile>
    <ClCompile Include="src\Tools.cpp">
      <Filter>源文件</Filter>
    </ClCompile>
    <ClCompile Include="src\Permission.cpp">
      <Filter>源文件</Filter>
    </ClCompile>
    <ClCompile Include="src\plugins\Command.cpp">
      <Filter>源文件\plugins</Filter>
    </ClCompile>
    <ClCompile Include="src\plugins\Repeat.cpp">
      <Filter>源文件\plugins</Filter>
    </ClCompile>
    <ClCompile Include="src\plugins\ScoldMe.cpp">
      <Filter>源文件\plugins</Filter>
    </ClCompile>
    <ClCompile Include="src\plugins\Default.cpp">
      <Filter>源文件\plugins</Filter>
    </ClCompile>
    <ClCompile Include="src\plugins\RandomReply.cpp">
      <Filter>源文件\plugins</Filter>
    </ClCompile>
    <ClCompile Include="src\plugins\Setu.cpp">
      <Filter>源文件\plugins</Filter>
    </ClCompile>
    <ClCompile Include="src\SubProcess.cpp">
      <Filter>源文件</Filter>
    </ClCompile>
    <ClCompile Include="src\plugins\Tex.cpp">
      <Filter>源文件\plugins</Filter>
    </ClCompile>
    <ClCompile Include="src\Log.cpp">
      <Filter>源文件</Filter>
    </ClCompile>
    <ClCompile Include="src\plugins\Statistics.cpp">
      <Filter>源文件\plugins</Filter>
    </ClCompile>
  </ItemGroup>
  <ItemGroup>
    <ClInclude Include="src\web_api\api_mirai_http.h">
      <Filter>头文件</Filter>
    </ClInclude>
    <ClInclude Include="src\MsgRouter.h">
      <Filter>头文件</Filter>
    </ClInclude>
    <ClInclude Include="src\Message.h">
      <Filter>头文件</Filter>
    </ClInclude>
    <ClInclude Include="src\WebSocket.h">
      <Filter>头文件</Filter>
    </ClInclude>
    <ClInclude Include="src\Requests.h">
      <Filter>头文件</Filter>
    </ClInclude>
    <ClInclude Include="src\Tools.h">
      <Filter>头文件</Filter>
    </ClInclude>
    <ClInclude Include="src\Permission.h">
      <Filter>头文件</Filter>
    </ClInclude>
    <ClInclude Include="src\plugins\Command.h">
      <Filter>头文件\plugins</Filter>
    </ClInclude>
    <ClInclude Include="src\plugins\Plugin.h">
      <Filter>头文件\plugins</Filter>
    </ClInclude>
    <ClInclude Include="src\plugins\Repeat.h">
      <Filter>头文件\plugins</Filter>
    </ClInclude>
    <ClInclude Include="src\plugins\ScoldMe.h">
      <Filter>头文件\plugins</Filter>
    </ClInclude>
    <ClInclude Include="src\plugins\Default.h">
      <Filter>头文件\plugins</Filter>
    </ClInclude>
    <ClInclude Include="src\plugins\RandomReply.h">
      <Filter>头文件\plugins</Filter>
    </ClInclude>
    <ClInclude Include="src\plugins\Setu.h">
      <Filter>头文件\plugins</Filter>
    </ClInclude>
    <ClInclude Include="src\SubProcess.h">
      <Filter>头文件</Filter>
    </ClInclude>
    <ClInclude Include="src\plugins\Tex.h">
      <Filter>头文件\plugins</Filter>
    </ClInclude>
    <ClInclude Include="src\Log.h">
      <Filter>头文件</Filter>
    </ClInclude>
    <ClInclude Include="src\plugins\Statistics.h">
      <Filter>头文件\plugins</Filter>
    </ClInclude>
  </ItemGroup>
</Project>